
Microsoft Visual Studio Solution File, Format Version 12.00
# Visual Studio Version 17
VisualStudioVersion = 17.0.31903.59
MinimumVisualStudioVersion = 10.0.40219.1
Project("{FAE04EC0-301F-11D3-BF4B-00C04F79EFBC}") = "Truno.BusinessReport.Web", "Truno.BusinessReport.Web\Truno.BusinessReport.Web.csproj", "{0F13D7F1-F222-4CCC-9E89-EA44BC3A0553}"
EndProject
Project("{FAE04EC0-301F-11D3-BF4B-00C04F79EFBC}") = "Truno.BusinessReport.BLL", "Truno.BusinessReport.BLL\Truno.BusinessReport.BLL.csproj", "{4C4CDF73-8388-425D-BE25-E806CDA9E711}"
EndProject
Project("{FAE04EC0-301F-11D3-BF4B-00C04F79EFBC}") = "Truno.BusinessReport.DAL", "Truno.BusinessReport.DAL\Truno.BusinessReport.DAL.csproj", "{81AD81BD-D61E-4EC3-9D1E-CAEB4E52D693}"
EndProject
Global
	GlobalSection(SolutionConfigurationPlatforms) = preSolution
		Debug|Any CPU = Debug|Any CPU
		Release|Any CPU = Release|Any CPU
	EndGlobalSection
	GlobalSection(SolutionProperties) = preSolution
		HideSolutionNode = FALSE
	EndGlobalSection
	GlobalSection(ProjectConfigurationPlatforms) = postSolution
		{0F13D7F1-F222-4CCC-9E89-EA44BC3A0553}.Debug|Any CPU.ActiveCfg = Debug|Any CPU
		{0F13D7F1-F222-4CCC-9E89-EA44BC3A0553}.Debug|Any CPU.Build.0 = Debug|Any CPU
		{0F13D7F1-F222-4CCC-9E89-EA44BC3A0553}.Release|Any CPU.ActiveCfg = Release|Any CPU
		{0F13D7F1-F222-4CCC-9E89-EA44BC3A0553}.Release|Any CPU.Build.0 = Release|Any CPU
		{4C4CDF73-8388-425D-BE25-E806CDA9E711}.Debug|Any CPU.ActiveCfg = Debug|Any CPU
		{4C4CDF73-8388-425D-BE25-E806CDA9E711}.Debug|Any CPU.Build.0 = Debug|Any CPU
		{4C4CDF73-8388-425D-BE25-E806CDA9E711}.Release|Any CPU.ActiveCfg = Release|Any CPU
		{4C4CDF73-8388-425D-BE25-E806CDA9E711}.Release|Any CPU.Build.0 = Release|Any CPU
		{81AD81BD-D61E-4EC3-9D1E-CAEB4E52D693}.Debug|Any CPU.ActiveCfg = Debug|Any CPU
		{81AD81BD-D61E-4EC3-9D1E-CAEB4E52D693}.Debug|Any CPU.Build.0 = Debug|Any CPU
		{81AD81BD-D61E-4EC3-9D1E-CAEB4E52D693}.Release|Any CPU.ActiveCfg = Release|Any CPU
		{81AD81BD-D61E-4EC3-9D1E-CAEB4E52D693}.Release|Any CPU.Build.0 = Release|Any CPU
	EndGlobalSection
EndGlobal
